
Microsoft Visual Studio Solution File, Format Version 12.00
# Visual Studio Version 17
VisualStudioVersion = 17.9.34701.34
MinimumVisualStudioVersion = 10.0.40219.1
Project("{2150E333-8FDC-42A3-9474-1A3956D46DE8}") = "1. Presentacion", "1. Presentacion", "{B97C8494-6A60-4716-B443-45BDF032E19F}"
EndProject
Project("{2150E333-8FDC-42A3-9474-1A3956D46DE8}") = "2. Aplicacion", "2. Aplicacion", "{0F83F96A-FAF3-4B8A-92B0-42D4DCBFEC6C}"
EndProject
Project("{2150E333-8FDC-42A3-9474-1A3956D46DE8}") = "3. Dominio", "3. Dominio", "{C7DEF239-F82A-4806-9C6E-29FB21DD2970}"
EndProject
Project("{2150E333-8FDC-42A3-9474-1A3956D46DE8}") = "4. Infraestructura", "4. Infraestructura", "{BBEB4AFF-8F1C-4B95-8EB4-CB3A72DD0D84}"
EndProject
Project("{FAE04EC0-301F-11D3-BF4B-00C04F79EFBC}") = "Aplicacion.Contratos", "Aplicacion.Contratos\Aplicacion.Contratos.csproj", "{DA85E729-01C5-4751-A7C9-C002BBA59E93}"
EndProject
Project("{FAE04EC0-301F-11D3-BF4B-00C04F79EFBC}") = "Aplicacion.Core", "Aplicacion.Core\Aplicacion.Core.csproj", "{C89F6520-94CD-430F-B8D8-D258C1350D47}"
EndProject
Project("{FAE04EC0-301F-11D3-BF4B-00C04F79EFBC}") = "Aplicacion.Implementacion", "Aplicacion.Implementacion\Aplicacion.Implementacion.csproj", "{973CF1E0-F13C-4F5D-A0C4-1FCB426D2484}"
EndProject
Project("{FAE04EC0-301F-11D3-BF4B-00C04F79EFBC}") = "Dominio.Contratos", "Dominio.Contratos\Dominio.Contratos.csproj", "{79A0C1AD-BA7D-4916-9FD9-DCED50339897}"
EndProject
Project("{FAE04EC0-301F-11D3-BF4B-00C04F79EFBC}") = "Dominio.Core", "Dominio.Core\Dominio.Core.csproj", "{8570F8BD-4389-4064-86DE-70A42353A206}"
EndProject
Project("{2150E333-8FDC-42A3-9474-1A3956D46DE8}") = "4.1 Datos", "4.1 Datos", "{063A8874-5757-4B23-879C-C39893C8C82A}"
EndProject
Project("{2150E333-8FDC-42A3-9474-1A3956D46DE8}") = "4.2 Transversal", "4.2 Transversal", "{45F6C3A6-FEBF-4D09-991B-62F1A545D5BB}"
EndProject
Project("{FAE04EC0-301F-11D3-BF4B-00C04F79EFBC}") = "Datos.Persistencia.Core", "Datos.Persistencia.Core\Datos.Persistencia.Core.csproj", "{B40260B6-9D86-4445-8418-7137AAA224C0}"
EndProject
Project("{FAE04EC0-301F-11D3-BF4B-00C04F79EFBC}") = "Datos.Persistencia.Implementacion", "Datos.Persistencia.Implementacion\Datos.Persistencia.Implementacion.csproj", "{B85A1B4F-93FF-4EA1-8AC2-A5F61A0F25E9}"
EndProject
Project("{FAE04EC0-301F-11D3-BF4B-00C04F79EFBC}") = "Datos.Persistencia.Repositorios", "Datos.Persistencia.Repositorios\Datos.Persistencia.Repositorios.csproj", "{78599B40-B920-4168-A4FE-89CC88A6B168}"
EndProject
Project("{FAE04EC0-301F-11D3-BF4B-00C04F79EFBC}") = "Utilitarios.IoC", "Utilitarios.IoC\Utilitarios.IoC.csproj", "{29D5DA89-C216-4125-8BC9-9260BED66DB1}"
EndProject
Project("{FAE04EC0-301F-11D3-BF4B-00C04F79EFBC}") = "FinalWeb", "FinalWeb\FinalWeb.csproj", "{A64AB34E-E3BA-4726-BBF5-84134A6DB17B}"
EndProject
Global
	GlobalSection(SolutionConfigurationPlatforms) = preSolution
		Debug|Any CPU = Debug|Any CPU
		Release|Any CPU = Release|Any CPU
	EndGlobalSection
	GlobalSection(ProjectConfigurationPlatforms) = postSolution
		{DA85E729-01C5-4751-A7C9-C002BBA59E93}.Debug|Any CPU.ActiveCfg = Debug|Any CPU
		{DA85E729-01C5-4751-A7C9-C002BBA59E93}.Debug|Any CPU.Build.0 = Debug|Any CPU
		{DA85E729-01C5-4751-A7C9-C002BBA59E93}.Release|Any CPU.ActiveCfg = Release|Any CPU
		{DA85E729-01C5-4751-A7C9-C002BBA59E93}.Release|Any CPU.Build.0 = Release|Any CPU
		{C89F6520-94CD-430F-B8D8-D258C1350D47}.Debug|Any CPU.ActiveCfg = Debug|Any CPU
		{C89F6520-94CD-430F-B8D8-D258C1350D47}.Debug|Any CPU.Build.0 = Debug|Any CPU
		{C89F6520-94CD-430F-B8D8-D258C1350D47}.Release|Any CPU.ActiveCfg = Release|Any CPU
		{C89F6520-94CD-430F-B8D8-D258C1350D47}.Release|Any CPU.Build.0 = Release|Any CPU
		{973CF1E0-F13C-4F5D-A0C4-1FCB426D2484}.Debug|Any CPU.ActiveCfg = Debug|Any CPU
		{973CF1E0-F13C-4F5D-A0C4-1FCB426D2484}.Debug|Any CPU.Build.0 = Debug|Any CPU
		{973CF1E0-F13C-4F5D-A0C4-1FCB426D2484}.Release|Any CPU.ActiveCfg = Release|Any CPU
		{973CF1E0-F13C-4F5D-A0C4-1FCB426D2484}.Release|Any CPU.Build.0 = Release|Any CPU
		{79A0C1AD-BA7D-4916-9FD9-DCED50339897}.Debug|Any CPU.ActiveCfg = Debug|Any CPU
		{79A0C1AD-BA7D-4916-9FD9-DCED50339897}.Debug|Any CPU.Build.0 = Debug|Any CPU
		{79A0C1AD-BA7D-4916-9FD9-DCED50339897}.Release|Any CPU.ActiveCfg = Release|Any CPU
		{79A0C1AD-BA7D-4916-9FD9-DCED50339897}.Release|Any CPU.Build.0 = Release|Any CPU
		{8570F8BD-4389-4064-86DE-70A42353A206}.Debug|Any CPU.ActiveCfg = Debug|Any CPU
		{8570F8BD-4389-4064-86DE-70A42353A206}.Debug|Any CPU.Build.0 = Debug|Any CPU
		{8570F8BD-4389-4064-86DE-70A42353A206}.Release|Any CPU.ActiveCfg = Release|Any CPU
		{8570F8BD-4389-4064-86DE-70A42353A206}.Release|Any CPU.Build.0 = Release|Any CPU
		{B40260B6-9D86-4445-8418-7137AAA224C0}.Debug|Any CPU.ActiveCfg = Debug|Any CPU
		{B40260B6-9D86-4445-8418-7137AAA224C0}.Debug|Any CPU.Build.0 = Debug|Any CPU
		{B40260B6-9D86-4445-8418-7137AAA224C0}.Release|Any CPU.ActiveCfg = Release|Any CPU
		{B40260B6-9D86-4445-8418-7137AAA224C0}.Release|Any CPU.Build.0 = Release|Any CPU
		{B85A1B4F-93FF-4EA1-8AC2-A5F61A0F25E9}.Debug|Any CPU.ActiveCfg = Debug|Any CPU
		{B85A1B4F-93FF-4EA1-8AC2-A5F61A0F25E9}.Debug|Any CPU.Build.0 = Debug|Any CPU
		{B85A1B4F-93FF-4EA1-8AC2-A5F61A0F25E9}.Release|Any CPU.ActiveCfg = Release|Any CPU
		{B85A1B4F-93FF-4EA1-8AC2-A5F61A0F25E9}.Release|Any CPU.Build.0 = Release|Any CPU
		{78599B40-B920-4168-A4FE-89CC88A6B168}.Debug|Any CPU.ActiveCfg = Debug|Any CPU
		{78599B40-B920-4168-A4FE-89CC88A6B168}.Debug|Any CPU.Build.0 = Debug|Any CPU
		{78599B40-B920-4168-A4FE-89CC88A6B168}.Release|Any CPU.ActiveCfg = Release|Any CPU
		{78599B40-B920-4168-A4FE-89CC88A6B168}.Release|Any CPU.Build.0 = Release|Any CPU
		{29D5DA89-C216-4125-8BC9-9260BED66DB1}.Debug|Any CPU.ActiveCfg = Debug|Any CPU
		{29D5DA89-C216-4125-8BC9-9260BED66DB1}.Debug|Any CPU.Build.0 = Debug|Any CPU
		{29D5DA89-C216-4125-8BC9-9260BED66DB1}.Release|Any CPU.ActiveCfg = Release|Any CPU
		{29D5DA89-C216-4125-8BC9-9260BED66DB1}.Release|Any CPU.Build.0 = Release|Any CPU
		{A64AB34E-E3BA-4726-BBF5-84134A6DB17B}.Debug|Any CPU.ActiveCfg = Debug|Any CPU
		{A64AB34E-E3BA-4726-BBF5-84134A6DB17B}.Debug|Any CPU.Build.0 = Debug|Any CPU
		{A64AB34E-E3BA-4726-BBF5-84134A6DB17B}.Release|Any CPU.ActiveCfg = Release|Any CPU
		{A64AB34E-E3BA-4726-BBF5-84134A6DB17B}.Release|Any CPU.Build.0 = Release|Any CPU
	EndGlobalSection
	GlobalSection(SolutionProperties) = preSolution
		HideSolutionNode = FALSE
	EndGlobalSection
	GlobalSection(NestedProjects) = preSolution
		{DA85E729-01C5-4751-A7C9-C002BBA59E93} = {0F83F96A-FAF3-4B8A-92B0-42D4DCBFEC6C}
		{C89F6520-94CD-430F-B8D8-D258C1350D47} = {0F83F96A-FAF3-4B8A-92B0-42D4DCBFEC6C}
		{973CF1E0-F13C-4F5D-A0C4-1FCB426D2484} = {0F83F96A-FAF3-4B8A-92B0-42D4DCBFEC6C}
		{79A0C1AD-BA7D-4916-9FD9-DCED50339897} = {C7DEF239-F82A-4806-9C6E-29FB21DD2970}
		{8570F8BD-4389-4064-86DE-70A42353A206} = {C7DEF239-F82A-4806-9C6E-29FB21DD2970}
		{063A8874-5757-4B23-879C-C39893C8C82A} = {BBEB4AFF-8F1C-4B95-8EB4-CB3A72DD0D84}
		{45F6C3A6-FEBF-4D09-991B-62F1A545D5BB} = {BBEB4AFF-8F1C-4B95-8EB4-CB3A72DD0D84}
		{B40260B6-9D86-4445-8418-7137AAA224C0} = {063A8874-5757-4B23-879C-C39893C8C82A}
		{B85A1B4F-93FF-4EA1-8AC2-A5F61A0F25E9} = {063A8874-5757-4B23-879C-C39893C8C82A}
		{78599B40-B920-4168-A4FE-89CC88A6B168} = {063A8874-5757-4B23-879C-C39893C8C82A}
		{29D5DA89-C216-4125-8BC9-9260BED66DB1} = {45F6C3A6-FEBF-4D09-991B-62F1A545D5BB}
		{A64AB34E-E3BA-4726-BBF5-84134A6DB17B} = {B97C8494-6A60-4716-B443-45BDF032E19F}
	EndGlobalSection
	GlobalSection(ExtensibilityGlobals) = postSolution
		SolutionGuid = {DEADC8CF-32D7-4D97-80EE-82000F324740}
	EndGlobalSection
EndGlobal
